
Microsoft Visual Studio Solution File, Format Version 12.00
# Visual Studio 2012
Project("{2150E333-8FDC-42A3-9474-1A3956D46DE8}") = "Solution Items", "Solution Items", "{393D376A-09A8-492E-ACD6-8786E6E80137}"
EndProject
Project("{FAE04EC0-301F-11D3-BF4B-00C04F79EFBC}") = "LINQSample2", "LINQSample2\LINQSample2.csproj", "{6B583846-0B73-4487-B184-F481C82725AF}"
EndProject
Project("{FAE04EC0-301F-11D3-BF4B-00C04F79EFBC}") = "AjaxForWebApplicationSample", "AjaxForWebApplicationSample\AjaxForWebApplicationSample.csproj", "{3979126F-0084-481B-8298-08DE610801A7}"
EndProject
Project("{FAE04EC0-301F-11D3-BF4B-00C04F79EFBC}") = "jQuerySample", "jQuerySample\jQuerySample.csproj", "{7D2D5E4B-2550-4F61-922A-892859895FF4}"
EndProject
Project("{FAE04EC0-301F-11D3-BF4B-00C04F79EFBC}") = "TupleSample", "TupleSample\TupleSample.csproj", "{2AB23B3B-0B4D-45DE-8B81-DCE13CD9288C}"
EndProject
Project("{FAE04EC0-301F-11D3-BF4B-00C04F79EFBC}") = "CssSample", "CssSample\CssSample.csproj", "{AD4DC03B-E718-4C4D-A582-A6519870BA2F}"
EndProject
Project("{FAE04EC0-301F-11D3-BF4B-00C04F79EFBC}") = "JavaScriptSample", "JavaScriptSample\JavaScriptSample.csproj", "{19892FA0-7401-4FAD-82A9-F8E38C3F154F}"
EndProject
Project("{FAE04EC0-301F-11D3-BF4B-00C04F79EFBC}") = "JavaScriptPostSample", "JavaScriptPostSample\JavaScriptPostSample.csproj", "{3CE377B4-DDBA-4460-8A9C-B59463BD3494}"
EndProject
Project("{FAE04EC0-301F-11D3-BF4B-00C04F79EFBC}") = "RequireJsSample", "RequireJsSample\RequireJsSample.csproj", "{04995293-6512-4AE4-BBFA-0063DCA5D9C9}"
EndProject
Project("{FAE04EC0-301F-11D3-BF4B-00C04F79EFBC}") = "jQueryUISample", "jQueryUISample\jQueryUISample.csproj", "{1B98F10C-1A0C-461D-9A5B-CF254A32D4A0}"
EndProject
Project("{FAE04EC0-301F-11D3-BF4B-00C04F79EFBC}") = "ActiveXSample", "ActiveXSample\ActiveXSample.csproj", "{B1E159CF-F812-463D-9E11-51A315441CC2}"
EndProject
Project("{FAE04EC0-301F-11D3-BF4B-00C04F79EFBC}") = "T4Sample", "T4Sample\T4Sample.csproj", "{648311C2-7CCB-42CA-B506-6E88664D4891}"
EndProject
Project("{FAE04EC0-301F-11D3-BF4B-00C04F79EFBC}") = "JQuery.ValidationSample", "JQuery.ValidationSample\JQuery.ValidationSample.csproj", "{2BA6449C-3BE2-4685-9A86-28F98A2E7616}"
EndProject
Global
	GlobalSection(SolutionConfigurationPlatforms) = preSolution
		Debug|Any CPU = Debug|Any CPU
		Debug|Mixed Platforms = Debug|Mixed Platforms
		Debug|x86 = Debug|x86
		Release|Any CPU = Release|Any CPU
		Release|Mixed Platforms = Release|Mixed Platforms
		Release|x86 = Release|x86
	EndGlobalSection
	GlobalSection(ProjectConfigurationPlatforms) = postSolution
		{6B583846-0B73-4487-B184-F481C82725AF}.Debug|Any CPU.ActiveCfg = Debug|x86
		{6B583846-0B73-4487-B184-F481C82725AF}.Debug|Mixed Platforms.ActiveCfg = Debug|x86
		{6B583846-0B73-4487-B184-F481C82725AF}.Debug|Mixed Platforms.Build.0 = Debug|x86
		{6B583846-0B73-4487-B184-F481C82725AF}.Debug|x86.ActiveCfg = Debug|x86
		{6B583846-0B73-4487-B184-F481C82725AF}.Debug|x86.Build.0 = Debug|x86
		{6B583846-0B73-4487-B184-F481C82725AF}.Release|Any CPU.ActiveCfg = Release|x86
		{6B583846-0B73-4487-B184-F481C82725AF}.Release|Mixed Platforms.ActiveCfg = Release|x86
		{6B583846-0B73-4487-B184-F481C82725AF}.Release|Mixed Platforms.Build.0 = Release|x86
		{6B583846-0B73-4487-B184-F481C82725AF}.Release|x86.ActiveCfg = Release|x86
		{6B583846-0B73-4487-B184-F481C82725AF}.Release|x86.Build.0 = Release|x86
		{3979126F-0084-481B-8298-08DE610801A7}.Debug|Any CPU.ActiveCfg = Debug|Any CPU
		{3979126F-0084-481B-8298-08DE610801A7}.Debug|Any CPU.Build.0 = Debug|Any CPU
		{3979126F-0084-481B-8298-08DE610801A7}.Debug|Mixed Platforms.ActiveCfg = Debug|Any CPU
		{3979126F-0084-481B-8298-08DE610801A7}.Debug|Mixed Platforms.Build.0 = Debug|Any CPU
		{3979126F-0084-481B-8298-08DE610801A7}.Debug|x86.ActiveCfg = Debug|Any CPU
		{3979126F-0084-481B-8298-08DE610801A7}.Release|Any CPU.ActiveCfg = Release|Any CPU
		{3979126F-0084-481B-8298-08DE610801A7}.Release|Any CPU.Build.0 = Release|Any CPU
		{3979126F-0084-481B-8298-08DE610801A7}.Release|Mixed Platforms.ActiveCfg = Release|Any CPU
		{3979126F-0084-481B-8298-08DE610801A7}.Release|Mixed Platforms.Build.0 = Release|Any CPU
		{3979126F-0084-481B-8298-08DE610801A7}.Release|x86.ActiveCfg = Release|Any CPU
		{7D2D5E4B-2550-4F61-922A-892859895FF4}.Debug|Any CPU.ActiveCfg = Debug|Any CPU
		{7D2D5E4B-2550-4F61-922A-892859895FF4}.Debug|Any CPU.Build.0 = Debug|Any CPU
		{7D2D5E4B-2550-4F61-922A-892859895FF4}.Debug|Mixed Platforms.ActiveCfg = Debug|Any CPU
		{7D2D5E4B-2550-4F61-922A-892859895FF4}.Debug|Mixed Platforms.Build.0 = Debug|Any CPU
		{7D2D5E4B-2550-4F61-922A-892859895FF4}.Debug|x86.ActiveCfg = Debug|Any CPU
		{7D2D5E4B-2550-4F61-922A-892859895FF4}.Release|Any CPU.ActiveCfg = Release|Any CPU
		{7D2D5E4B-2550-4F61-922A-892859895FF4}.Release|Any CPU.Build.0 = Release|Any CPU
		{7D2D5E4B-2550-4F61-922A-892859895FF4}.Release|Mixed Platforms.ActiveCfg = Release|Any CPU
		{7D2D5E4B-2550-4F61-922A-892859895FF4}.Release|Mixed Platforms.Build.0 = Release|Any CPU
		{7D2D5E4B-2550-4F61-922A-892859895FF4}.Release|x86.ActiveCfg = Release|Any CPU
		{2AB23B3B-0B4D-45DE-8B81-DCE13CD9288C}.Debug|Any CPU.ActiveCfg = Debug|x86
		{2AB23B3B-0B4D-45DE-8B81-DCE13CD9288C}.Debug|Mixed Platforms.ActiveCfg = Debug|x86
		{2AB23B3B-0B4D-45DE-8B81-DCE13CD9288C}.Debug|Mixed Platforms.Build.0 = Debug|x86
		{2AB23B3B-0B4D-45DE-8B81-DCE13CD9288C}.Debug|x86.ActiveCfg = Debug|x86
		{2AB23B3B-0B4D-45DE-8B81-DCE13CD9288C}.Debug|x86.Build.0 = Debug|x86
		{2AB23B3B-0B4D-45DE-8B81-DCE13CD9288C}.Release|Any CPU.ActiveCfg = Release|x86
		{2AB23B3B-0B4D-45DE-8B81-DCE13CD9288C}.Release|Mixed Platforms.ActiveCfg = Release|x86
		{2AB23B3B-0B4D-45DE-8B81-DCE13CD9288C}.Release|Mixed Platforms.Build.0 = Release|x86
		{2AB23B3B-0B4D-45DE-8B81-DCE13CD9288C}.Release|x86.ActiveCfg = Release|x86
		{2AB23B3B-0B4D-45DE-8B81-DCE13CD9288C}.Release|x86.Build.0 = Release|x86
		{AD4DC03B-E718-4C4D-A582-A6519870BA2F}.Debug|Any CPU.ActiveCfg = Debug|Any CPU
		{AD4DC03B-E718-4C4D-A582-A6519870BA2F}.Debug|Any CPU.Build.0 = Debug|Any CPU
		{AD4DC03B-E718-4C4D-A582-A6519870BA2F}.Debug|Mixed Platforms.ActiveCfg = Debug|Any CPU
		{AD4DC03B-E718-4C4D-A582-A6519870BA2F}.Debug|Mixed Platforms.Build.0 = Debug|Any CPU
		{AD4DC03B-E718-4C4D-A582-A6519870BA2F}.Debug|x86.ActiveCfg = Debug|Any CPU
		{AD4DC03B-E718-4C4D-A582-A6519870BA2F}.Release|Any CPU.ActiveCfg = Release|Any CPU
		{AD4DC03B-E718-4C4D-A582-A6519870BA2F}.Release|Any CPU.Build.0 = Release|Any CPU
		{AD4DC03B-E718-4C4D-A582-A6519870BA2F}.Release|Mixed Platforms.ActiveCfg = Release|Any CPU
		{AD4DC03B-E718-4C4D-A582-A6519870BA2F}.Release|Mixed Platforms.Build.0 = Release|Any CPU
		{AD4DC03B-E718-4C4D-A582-A6519870BA2F}.Release|x86.ActiveCfg = Release|Any CPU
		{19892FA0-7401-4FAD-82A9-F8E38C3F154F}.Debug|Any CPU.ActiveCfg = Debug|Any CPU
		{19892FA0-7401-4FAD-82A9-F8E38C3F154F}.Debug|Any CPU.Build.0 = Debug|Any CPU
		{19892FA0-7401-4FAD-82A9-F8E38C3F154F}.Debug|Mixed Platforms.ActiveCfg = Debug|Any CPU
		{19892FA0-7401-4FAD-82A9-F8E38C3F154F}.Debug|Mixed Platforms.Build.0 = Debug|Any CPU
		{19892FA0-7401-4FAD-82A9-F8E38C3F154F}.Debug|x86.ActiveCfg = Debug|Any CPU
		{19892FA0-7401-4FAD-82A9-F8E38C3F154F}.Release|Any CPU.ActiveCfg = Release|Any CPU
		{19892FA0-7401-4FAD-82A9-F8E38C3F154F}.Release|Any CPU.Build.0 = Release|Any CPU
		{19892FA0-7401-4FAD-82A9-F8E38C3F154F}.Release|Mixed Platforms.ActiveCfg = Release|Any CPU
		{19892FA0-7401-4FAD-82A9-F8E38C3F154F}.Release|Mixed Platforms.Build.0 = Release|Any CPU
		{19892FA0-7401-4FAD-82A9-F8E38C3F154F}.Release|x86.ActiveCfg = Release|Any CPU
		{3CE377B4-DDBA-4460-8A9C-B59463BD3494}.Debug|Any CPU.ActiveCfg = Debug|Any CPU
		{3CE377B4-DDBA-4460-8A9C-B59463BD3494}.Debug|Any CPU.Build.0 = Debug|Any CPU
		{3CE377B4-DDBA-4460-8A9C-B59463BD3494}.Debug|Mixed Platforms.ActiveCfg = Debug|Any CPU
		{3CE377B4-DDBA-4460-8A9C-B59463BD3494}.Debug|Mixed Platforms.Build.0 = Debug|Any CPU
		{3CE377B4-DDBA-4460-8A9C-B59463BD3494}.Debug|x86.ActiveCfg = Debug|Any CPU
		{3CE377B4-DDBA-4460-8A9C-B59463BD3494}.Release|Any CPU.ActiveCfg = Release|Any CPU
		{3CE377B4-DDBA-4460-8A9C-B59463BD3494}.Release|Any CPU.Build.0 = Release|Any CPU
		{3CE377B4-DDBA-4460-8A9C-B59463BD3494}.Release|Mixed Platforms.ActiveCfg = Release|Any CPU
		{3CE377B4-DDBA-4460-8A9C-B59463BD3494}.Release|Mixed Platforms.Build.0 = Release|Any CPU
		{3CE377B4-DDBA-4460-8A9C-B59463BD3494}.Release|x86.ActiveCfg = Release|Any CPU
		{04995293-6512-4AE4-BBFA-0063DCA5D9C9}.Debug|Any CPU.ActiveCfg = Debug|Any CPU
		{04995293-6512-4AE4-BBFA-0063DCA5D9C9}.Debug|Any CPU.Build.0 = Debug|Any CPU
		{04995293-6512-4AE4-BBFA-0063DCA5D9C9}.Debug|Mixed Platforms.ActiveCfg = Debug|Any CPU
		{04995293-6512-4AE4-BBFA-0063DCA5D9C9}.Debug|Mixed Platforms.Build.0 = Debug|Any CPU
		{04995293-6512-4AE4-BBFA-0063DCA5D9C9}.Debug|x86.ActiveCfg = Debug|Any CPU
		{04995293-6512-4AE4-BBFA-0063DCA5D9C9}.Release|Any CPU.ActiveCfg = Release|Any CPU
		{04995293-6512-4AE4-BBFA-0063DCA5D9C9}.Release|Any CPU.Build.0 = Release|Any CPU
		{04995293-6512-4AE4-BBFA-0063DCA5D9C9}.Release|Mixed Platforms.ActiveCfg = Release|Any CPU
		{04995293-6512-4AE4-BBFA-0063DCA5D9C9}.Release|Mixed Platforms.Build.0 = Release|Any CPU
		{04995293-6512-4AE4-BBFA-0063DCA5D9C9}.Release|x86.ActiveCfg = Release|Any CPU
		{1B98F10C-1A0C-461D-9A5B-CF254A32D4A0}.Debug|Any CPU.ActiveCfg = Debug|Any CPU
		{1B98F10C-1A0C-461D-9A5B-CF254A32D4A0}.Debug|Any CPU.Build.0 = Debug|Any CPU
		{1B98F10C-1A0C-461D-9A5B-CF254A32D4A0}.Debug|Mixed Platforms.ActiveCfg = Debug|Any CPU
		{1B98F10C-1A0C-461D-9A5B-CF254A32D4A0}.Debug|Mixed Platforms.Build.0 = Debug|Any CPU
		{1B98F10C-1A0C-461D-9A5B-CF254A32D4A0}.Debug|x86.ActiveCfg = Debug|Any CPU
		{1B98F10C-1A0C-461D-9A5B-CF254A32D4A0}.Release|Any CPU.ActiveCfg = Release|Any CPU
		{1B98F10C-1A0C-461D-9A5B-CF254A32D4A0}.Release|Any CPU.Build.0 = Release|Any CPU
		{1B98F10C-1A0C-461D-9A5B-CF254A32D4A0}.Release|Mixed Platforms.ActiveCfg = Release|Any CPU
		{1B98F10C-1A0C-461D-9A5B-CF254A32D4A0}.Release|Mixed Platforms.Build.0 = Release|Any CPU
		{1B98F10C-1A0C-461D-9A5B-CF254A32D4A0}.Release|x86.ActiveCfg = Release|Any CPU
		{B1E159CF-F812-463D-9E11-51A315441CC2}.Debug|Any CPU.ActiveCfg = Debug|Any CPU
		{B1E159CF-F812-463D-9E11-51A315441CC2}.Debug|Any CPU.Build.0 = Debug|Any CPU
		{B1E159CF-F812-463D-9E11-51A315441CC2}.Debug|Mixed Platforms.ActiveCfg = Debug|Any CPU
		{B1E159CF-F812-463D-9E11-51A315441CC2}.Debug|Mixed Platforms.Build.0 = Debug|Any CPU
		{B1E159CF-F812-463D-9E11-51A315441CC2}.Debug|x86.ActiveCfg = Debug|Any CPU
		{B1E159CF-F812-463D-9E11-51A315441CC2}.Release|Any CPU.ActiveCfg = Release|Any CPU
		{B1E159CF-F812-463D-9E11-51A315441CC2}.Release|Any CPU.Build.0 = Release|Any CPU
		{B1E159CF-F812-463D-9E11-51A315441CC2}.Release|Mixed Platforms.ActiveCfg = Release|Any CPU
		{B1E159CF-F812-463D-9E11-51A315441CC2}.Release|Mixed Platforms.Build.0 = Release|Any CPU
		{B1E159CF-F812-463D-9E11-51A315441CC2}.Release|x86.ActiveCfg = Release|Any CPU
		{648311C2-7CCB-42CA-B506-6E88664D4891}.Debug|Any CPU.ActiveCfg = Debug|x86
		{648311C2-7CCB-42CA-B506-6E88664D4891}.Debug|Mixed Platforms.ActiveCfg = Debug|x86
		{648311C2-7CCB-42CA-B506-6E88664D4891}.Debug|Mixed Platforms.Build.0 = Debug|x86
		{648311C2-7CCB-42CA-B506-6E88664D4891}.Debug|x86.ActiveCfg = Debug|x86
		{648311C2-7CCB-42CA-B506-6E88664D4891}.Debug|x86.Build.0 = Debug|x86
		{648311C2-7CCB-42CA-B506-6E88664D4891}.Release|Any CPU.ActiveCfg = Release|x86
		{648311C2-7CCB-42CA-B506-6E88664D4891}.Release|Mixed Platforms.ActiveCfg = Release|x86
		{648311C2-7CCB-42CA-B506-6E88664D4891}.Release|Mixed Platforms.Build.0 = Release|x86
		{648311C2-7CCB-42CA-B506-6E88664D4891}.Release|x86.ActiveCfg = Release|x86
		{648311C2-7CCB-42CA-B506-6E88664D4891}.Release|x86.Build.0 = Release|x86
		{2BA6449C-3BE2-4685-9A86-28F98A2E7616}.Debug|Any CPU.ActiveCfg = Debug|Any CPU
		{2BA6449C-3BE2-4685-9A86-28F98A2E7616}.Debug|Any CPU.Build.0 = Debug|Any CPU
		{2BA6449C-3BE2-4685-9A86-28F98A2E7616}.Debug|Mixed Platforms.ActiveCfg = Debug|Any CPU
		{2BA6449C-3BE2-4685-9A86-28F98A2E7616}.Debug|Mixed Platforms.Build.0 = Debug|Any CPU
		{2BA6449C-3BE2-4685-9A86-28F98A2E7616}.Debug|x86.ActiveCfg = Debug|Any CPU
		{2BA6449C-3BE2-4685-9A86-28F98A2E7616}.Release|Any CPU.ActiveCfg = Release|Any CPU
		{2BA6449C-3BE2-4685-9A86-28F98A2E7616}.Release|Any CPU.Build.0 = Release|Any CPU
		{2BA6449C-3BE2-4685-9A86-28F98A2E7616}.Release|Mixed Platforms.ActiveCfg = Release|Any CPU
		{2BA6449C-3BE2-4685-9A86-28F98A2E7616}.Release|Mixed Platforms.Build.0 = Release|Any CPU
		{2BA6449C-3BE2-4685-9A86-28F98A2E7616}.Release|x86.ActiveCfg = Release|Any CPU
	EndGlobalSection
	GlobalSection(SolutionProperties) = preSolution
		HideSolutionNode = FALSE
	EndGlobalSection
EndGlobal
